
Microsoft Visual Studio Solution File, Format Version 12.00
# Visual Studio 15
Project("{FAE04EC0-301F-11D3-BF4B-00C04F79EFBC}") = "Assembly-CSharp", "Assembly-CSharp.csproj", "{524A8E64-2BA8-CEA7-D961-5A884B804888}"
EndProject
Project("{FAE04EC0-301F-11D3-BF4B-00C04F79EFBC}") = "NavMeshComponents", "NavMeshComponents.csproj", "{6D794849-24B4-F5BD-2B31-60A030D15B01}"
EndProject
Project("{FAE04EC0-301F-11D3-BF4B-00C04F79EFBC}") = "NavMeshComponentsEditor", "NavMeshComponentsEditor.csproj", "{9B690FB5-6E88-FE63-1C1E-893C6532F47A}"
EndProject
Global
	GlobalSection(SolutionConfigurationPlatforms) = preSolution
		Debug|Any CPU = Debug|Any CPU
		Release|Any CPU = Release|Any CPU
	EndGlobalSection
	GlobalSection(ProjectConfigurationPlatforms) = postSolution
		{524A8E64-2BA8-CEA7-D961-5A884B804888}.Debug|Any CPU.ActiveCfg = Debug|Any CPU
		{524A8E64-2BA8-CEA7-D961-5A884B804888}.Debug|Any CPU.Build.0 = Debug|Any CPU
		{524A8E64-2BA8-CEA7-D961-5A884B804888}.Release|Any CPU.ActiveCfg = Release|Any CPU
		{524A8E64-2BA8-CEA7-D961-5A884B804888}.Release|Any CPU.Build.0 = Release|Any CPU
		{6D794849-24B4-F5BD-2B31-60A030D15B01}.Debug|Any CPU.ActiveCfg = Debug|Any CPU
		{6D794849-24B4-F5BD-2B31-60A030D15B01}.Debug|Any CPU.Build.0 = Debug|Any CPU
		{6D794849-24B4-F5BD-2B31-60A030D15B01}.Release|Any CPU.ActiveCfg = Release|Any CPU
		{6D794849-24B4-F5BD-2B31-60A030D15B01}.Release|Any CPU.Build.0 = Release|Any CPU
		{9B690FB5-6E88-FE63-1C1E-893C6532F47A}.Debug|Any CPU.ActiveCfg = Debug|Any CPU
		{9B690FB5-6E88-FE63-1C1E-893C6532F47A}.Debug|Any CPU.Build.0 = Debug|Any CPU
		{9B690FB5-6E88-FE63-1C1E-893C6532F47A}.Release|Any CPU.ActiveCfg = Release|Any CPU
		{9B690FB5-6E88-FE63-1C1E-893C6532F47A}.Release|Any CPU.Build.0 = Release|Any CPU
	EndGlobalSection
	GlobalSection(SolutionProperties) = preSolution
		HideSolutionNode = FALSE
	EndGlobalSection
EndGlobal
